github.com/davecgh/go-spew v1.1.1 h1:vj9j/u1bqnvCEfJOwUhtlOARqs3+rkHYY13jYWTU97c=
github.com/davecgh/go-spew v1.1.1/go.mod h1:J7Y8YcW2NihsgmVo/mv3lAwl/skON4iLHjSsI+c5H38=
github.com/pmezard/go-difflib v1.0.0 h1:4DBwDE0NGyQoBHbLQYPwSUPoCMWR5BEzIk/f1lZbAQM=
github.com/pmezard/go-difflib v1.0.0/go.mod h1:iKH77koFhYxTK1pcRnkKkqfTogsbg7gZNVY4sRDYZ/4=
github.com/stretchr/testify v1.11.1 h1:7s2iGBzp5EwR7/aIZr8ao5+dra3wiQyKjjFuvgVKu7U=
github.com/stretchr/testify v1.11.1/go.mod h1:wZwfW3scLgRK+23gO65QZefKpKQRnfz6sD981Nm4B6U=
github.com/tphakala/go-aac v0.0.0-20260718203810-9e3d7a798961 h1:qI5Ll3kbUNfpn5EmOkLIULHZz0eamaRTmdrrsX/06QA=
github.com/tphakala/go-aac v0.0.0-20260718203810-9e3d7a798961/go.mod h1:UDovzKCpcXRJ1YA2zxmlHAKymZiIdvKEDjcabvEWgKw=
github.com/tphakala/go-flac v0.4.2-0.20260719110058-234ad90aaef0 h1:nJEtHeALNCytNy4UJBEagmoUKPT9zGawVwwbWr8gHPs=
github.com/tphakala/go-flac v0.4.2-0.20260719110058-234ad90aaef0/go.mod h1:d6cu4zAcEOyHq1mHJHvKH92v8i7/MmreUtcPsx7FhNs=
github.com/tphakala/go-opus v0.0.0-20260719102141-230feb2552fa h1:1ucQQt3uRbrZVkiUlpqxbz2D9N2264NGPtI1zVNR7Ms=
github.com/tphakala/go-opus v0.0.0-20260719102141-230feb2552fa/go.mod h1:d1dlwkYktY83Tl9lQXMYEa/7r6CxrhHFzsjPwJcOsZQ=
github.com/tphakala/simd v1.3.0 h1:6DBkVfF/DEf/dnkfajbtu13+EZVReIIgIoUm2GNRs/k=
github.com/tphakala/simd v1.3.0/go.mod h1:RDX4bQNU8wV5JAYHEkic0l1CcQpBUwV7odEISuOvpUY=
golang.org/x/sys v0.45.0 h1:dO4czNzziLiiXplLQgBCEpCvXQ3dnkn0SdaZSYdQ+FY=
golang.org/x/sys v0.45.0/go.mod h1:4GL1E5IUh+htKOUEOaiffhrAeqysfVGipDYzABqnCmw=
gopkg.in/yaml.v3 v3.0.1 h1:fxVm/GzAzEWqLHuvctI91KS9hhNmmWOoWu0XTYJS7CA=
gopkg.in/yaml.v3 v3.0.1/go.mod h1:K4uyk7z7BCEPqu6E+C64Yfv1cQ7kz7rIZviUmN+EgEM=
