github.com/stretchr/testify v1.12.1 h1:EuwCh5fleGS7H32xRwO3wRGT7DxrDhLAT6FF8MpWDWE=
github.com/stretchr/testify v1.12.1/go.mod h1:MDEgiDPPsNp5cuIrHPPCyornHKgEVbtFUmoNlxoYthg=
github.com/tphakala/go-aac v0.5.0 h1:NfJ9eOpdC3iHFccj77p/HBcN7zxzyElqYG/5R+p6jBE=
github.com/tphakala/go-aac v0.5.0/go.mod h1:W7jYIsri7xxkubZcKqjHpOdCgwtPpNt1c7x2X5mutqo=
github.com/tphakala/go-flac v1.1.0 h1:dyVNPFW+MVLzPvw1n3dEvBHPtKUMbQ5PHWvW/pxQMv0=
github.com/tphakala/go-flac v1.1.0/go.mod h1:9MM9hnsIryw1BbD/e3iZgKMx3s34VCMlxzhSIP8gpEA=
github.com/tphakala/go-opus v1.1.0 h1:SbXQjwI/ZYy6wPXd0fafLTurkUbAhBpaYnvXYtn8uIo=
github.com/tphakala/go-opus v1.1.0/go.mod h1:57hQHipntY2+xK7sycF4CYVSXDLW3V+AiX77iOJlojQ=
github.com/tphakala/simd v1.9.0 h1:EURkGIeEMZ7V96i2TJZvLIiXj6RZebe3xdf4n4Bhynk=
github.com/tphakala/simd v1.9.0/go.mod h1:eO53GkWg40mRbr2tzs0Xb1IMZQ5U8cMR+Aa1RlXUinE=
go.yaml.in/yaml/v3 v3.0.5 h1:N6y/pJk8buWs9NY5ERU2HSMfm+IuD/OtfdAnq6kESPw=
go.yaml.in/yaml/v3 v3.0.5/go.mod h1:HVTZu1O7/Vkt2N+BFy8Zza+lnLsABggaTM2ZpNIGuKg=
golang.org/x/sys v0.47.0 h1:o7XGOvZQCADBQQ4Y7VNq2dRWQR7JmOUW8Kxx4ZsNgWs=
golang.org/x/sys v0.47.0/go.mod h1:4GL1E5IUh+htKOUEOaiffhrAeqysfVGipDYzABqnCmw=
